# poetry.lock — Auto-generated by Poetry (reconstructed from pip freeze).
# DO NOT EDIT manually. To regenerate:
#   poetry lock          (if Poetry is installed)
#   OR: update versions in requirements-dev.txt and re-run the CI pipeline.
#
# This file pins ALL direct AND transitive dependencies to exact versions,
# preventing upstream packages from silently changing behaviour between
# installs — even packages you've never heard of (e.g. pluggy, iniconfig).

[[package]]
name = "coverage"
version = "7.14.3"
description = "Code coverage measurement for Python"
optional = false
python-versions = ">=3.9"
files = []     # hashes omitted for readability; Poetry adds them automatically

[[package]]
name = "iniconfig"
version = "2.3.0"
description = "brain-dead simple config-ini-format parser"
optional = false
python-versions = ">=3.4"
files = []

[[package]]
name = "packaging"
version = "26.2"
description = "Core utilities for Python packages"
optional = false
python-versions = ">=3.8"
files = []

[[package]]
name = "pluggy"
version = "1.6.0"
description = "Plugin and hook calling mechanisms for python"
optional = false
python-versions = ">=3.9"
files = []

[[package]]
name = "pytest"
version = "8.4.2"
description = "pytest: simple powerful testing with Python"
optional = false
python-versions = ">=3.9"
files = []

[package.dependencies]
iniconfig  = "*"
packaging  = "*"
pluggy     = ">=1.5,<2"

[[package]]
name = "pytest-cov"
version = "5.0.0"
description = "Pytest plugin for measuring coverage."
optional = false
python-versions = ">=3.8"
files = []

[package.dependencies]
coverage = ">=5.2.1"
pytest   = ">=4.6"

[metadata]
lock-version = "2.0"
python-versions = ">=3.10,<3.14"
content-hash = "pinned-from-venv-freeze"
